{
  "requires": true,
  "lockfileVersion": 1,
  "dependencies": {
    "@ngxs/logger-plugin": {
      "version": "3.6.2-dev.master-eaa5d86",
      "resolved": "https://registry.npmjs.org/@ngxs/logger-plugin/-/logger-plugin-3.6.2-dev.master-eaa5d86.tgz",
      "integrity": "sha512-CynyzuypI1XRjSln5Jn7dm3bT0/8U96RKRUlYQO6DKbEwsm05wky7+TVf4qIBGm2qsQU1JA7X/0Z6eyIv8Mm+w==",
      "requires": {
        "tslib": "^1.9.0"
      }
    },
    "@ngxs/store": {
      "version": "3.6.2-dev.master-eaa5d86",
      "resolved": "https://registry.npmjs.org/@ngxs/store/-/store-3.6.2-dev.master-eaa5d86.tgz",
      "integrity": "sha512-HzhXdGTMmdGpCVCkpTpfEAN08fQ6hx3pUpWgRV7i9RsV0QpQ2iuew5MbbF9TIDlanWKI3tLVnhzJ2u+Pi7CD3g==",
      "requires": {
        "tslib": "^1.9.0"
      }
    },
    "tslib": {
      "version": "1.13.0",
      "resolved": "https://registry.npmjs.org/tslib/-/tslib-1.13.0.tgz",
      "integrity": "sha512-i/6DQjL8Xf3be4K/E6Wgpekn5Qasl1usyw++dAA35Ue5orEn65VIxOA+YvNNl9HV3qv70T7CNwjODHZrLwvd1Q=="
    }
  }
}
